Microsoft Visual Studio Solution File, Format Version 12.00
# Visual Studio Version 17
VisualStudioVersion = 17.5.2.0
MinimumVisualStudioVersion = 10.0.40219.1
Project("{FAE04EC0-301F-11D3-BF4B-00C04F79EFBC}") = "ThankGodEgbeDSA_Assignment", "ThankGodEgbeDSA_Assignment.csproj", "{FEA324AD-D036-B9FF-E210-02EC809E28C5}"
EndProject
Global
	GlobalSection(SolutionConfigurationPlatforms) = preSolution
		Debug|Any CPU = Debug|Any CPU
		Release|Any CPU = Release|Any CPU
	EndGlobalSection
	GlobalSection(ProjectConfigurationPlatforms) = postSolution
		{FEA324AD-D036-B9FF-E210-02EC809E28C5}.Debug|Any CPU.ActiveCfg = Debug|Any CPU
		{FEA324AD-D036-B9FF-E210-02EC809E28C5}.Debug|Any CPU.Build.0 = Debug|Any CPU
		{FEA324AD-D036-B9FF-E210-02EC809E28C5}.Release|Any CPU.ActiveCfg = Release|Any CPU
		{FEA324AD-D036-B9FF-E210-02EC809E28C5}.Release|Any CPU.Build.0 = Release|Any CPU
	EndGlobalSection
	GlobalSection(SolutionProperties) = preSolution
		HideSolutionNode = FALSE
	EndGlobalSection
	GlobalSection(ExtensibilityGlobals) = postSolution
		SolutionGuid = {22CF83D0-A69C-41AD-A7B6-329065A3C504}
	EndGlobalSection
EndGlobal
